<?xml version="1.0" encoding="utf-8"?>
<Project ToolsVersion="17.0" xmlns="http://schemas.microsoft.com/developer/msbuild/2003">
  <ItemGroup>
    <ClCompile Include="C:\Users\nguye\OneDrive\Desktop\CPSC427\aria\src\ai_system.cpp">
      <Filter>Source Files</Filter>
    </ClCompile>
    <ClCompile Include="C:\Users\nguye\OneDrive\Desktop\CPSC427\aria\src\common.cpp">
      <Filter>Source Files</Filter>
    </ClCompile>
    <ClCompile Include="C:\Users\nguye\OneDrive\Desktop\CPSC427\aria\src\components.cpp">
      <Filter>Source Files</Filter>
    </ClCompile>
    <ClCompile Include="C:\Users\nguye\OneDrive\Desktop\CPSC427\aria\src\main.cpp">
      <Filter>Source Files</Filter>
    </ClCompile>
    <ClCompile Include="C:\Users\nguye\OneDrive\Desktop\CPSC427\aria\src\physics_system.cpp">
      <Filter>Source Files</Filter>
    </ClCompile>
    <ClCompile Include="C:\Users\nguye\OneDrive\Desktop\CPSC427\aria\src\render_system.cpp">
      <Filter>Source Files</Filter>
    </ClCompile>
    <ClCompile Include="C:\Users\nguye\OneDrive\Desktop\CPSC427\aria\src\render_system_init.cpp">
      <Filter>Source Files</Filter>
    </ClCompile>
    <ClCompile Include="C:\Users\nguye\OneDrive\Desktop\CPSC427\aria\src\tiny_ecs.cpp">
      <Filter>Source Files</Filter>
    </ClCompile>
    <ClCompile Include="C:\Users\nguye\OneDrive\Desktop\CPSC427\aria\src\tiny_ecs_registry.cpp">
      <Filter>Source Files</Filter>
    </ClCompile>
    <ClCompile Include="C:\Users\nguye\OneDrive\Desktop\CPSC427\aria\src\world_init.cpp">
      <Filter>Source Files</Filter>
    </ClCompile>
    <ClCompile Include="C:\Users\nguye\OneDrive\Desktop\CPSC427\aria\src\world_system.cpp">
      <Filter>Source Files</Filter>
    </ClCompile>
  </ItemGroup>
  <ItemGroup>
    <ClInclude Include="C:\Users\nguye\OneDrive\Desktop\CPSC427\aria\src\ai_system.hpp">
      <Filter>Header Files</Filter>
    </ClInclude>
    <ClInclude Include="C:\Users\nguye\OneDrive\Desktop\CPSC427\aria\src\common.hpp">
      <Filter>Header Files</Filter>
    </ClInclude>
    <ClInclude Include="C:\Users\nguye\OneDrive\Desktop\CPSC427\aria\src\components.hpp">
      <Filter>Header Files</Filter>
    </ClInclude>
    <ClInclude Include="C:\Users\nguye\OneDrive\Desktop\CPSC427\aria\src\physics_system.hpp">
      <Filter>Header Files</Filter>
    </ClInclude>
    <ClInclude Include="C:\Users\nguye\OneDrive\Desktop\CPSC427\aria\src\render_system.hpp">
      <Filter>Header Files</Filter>
    </ClInclude>
    <ClInclude Include="C:\Users\nguye\OneDrive\Desktop\CPSC427\aria\src\tiny_ecs.hpp">
      <Filter>Header Files</Filter>
    </ClInclude>
    <ClInclude Include="C:\Users\nguye\OneDrive\Desktop\CPSC427\aria\src\tiny_ecs_registry.hpp">
      <Filter>Header Files</Filter>
    </ClInclude>
    <ClInclude Include="C:\Users\nguye\OneDrive\Desktop\CPSC427\aria\src\world_init.hpp">
      <Filter>Header Files</Filter>
    </ClInclude>
    <ClInclude Include="C:\Users\nguye\OneDrive\Desktop\CPSC427\aria\src\world_system.hpp">
      <Filter>Header Files</Filter>
    </ClInclude>
  </ItemGroup>
  <ItemGroup>
    <CustomBuild Include="C:\Users\nguye\OneDrive\Desktop\CPSC427\aria\CMakeLists.txt" />
  </ItemGroup>
  <ItemGroup>
    <Filter Include="Header Files">
      <UniqueIdentifier>{ED6BFE37-1C4A-3899-96D4-FF94D0762FC1}</UniqueIdentifier>
    </Filter>
    <Filter Include="Source Files">
      <UniqueIdentifier>{3A5F4065-5BF4-3D72-90AE-24BE15700F90}</UniqueIdentifier>
    </Filter>
  </ItemGroup>
</Project>
