
Microsoft Visual Studio Solution File, Format Version 12.00
# Visual Studio Version 17
Project("{2150E333-8FDC-42A3-9474-1A3956D46DE8}") = "CMakePredefinedTargets", "CMakePredefinedTargets", "{5DB1F5DA-5680-3256-9A51-2F95FD7C4092}"
EndProject
Project("{8BC9CEB8-8B4A-11D0-8D11-00A0C91BC942}") = "ALL_BUILD", "ALL_BUILD.vcxproj", "{1052192B-046D-33DE-B66D-AEE4F652E88D}"
	ProjectSection(ProjectDependencies) = postProject
		{7BDF0F15-6BE9-36F3-946B-90F8FF62FCFC} = {7BDF0F15-6BE9-36F3-946B-90F8FF62FCFC}
		{23DC023C-13EB-3369-8A10-10C2A93807CB} = {23DC023C-13EB-3369-8A10-10C2A93807CB}
	EndProjectSection
EndProject
Project("{8BC9CEB8-8B4A-11D0-8D11-00A0C91BC942}") = "ZERO_CHECK", "ZERO_CHECK.vcxproj", "{7BDF0F15-6BE9-36F3-946B-90F8FF62FCFC}"
	ProjectSection(ProjectDependencies) = postProject
	EndProjectSection
EndProject
Project("{8BC9CEB8-8B4A-11D0-8D11-00A0C91BC942}") = "salmon", "salmon.vcxproj", "{23DC023C-13EB-3369-8A10-10C2A93807CB}"
	ProjectSection(ProjectDependencies) = postProject
		{7BDF0F15-6BE9-36F3-946B-90F8FF62FCFC} = {7BDF0F15-6BE9-36F3-946B-90F8FF62FCFC}
	EndProjectSection
EndProject
Global
	GlobalSection(SolutionConfigurationPlatforms) = preSolution
		Debug|x64 = Debug|x64
		Release|x64 = Release|x64
		MinSizeRel|x64 = MinSizeRel|x64
		RelWithDebInfo|x64 = RelWithDebInfo|x64
	EndGlobalSection
	GlobalSection(ProjectConfigurationPlatforms) = postSolution
		{1052192B-046D-33DE-B66D-AEE4F652E88D}.Debug|x64.ActiveCfg = Debug|x64
		{1052192B-046D-33DE-B66D-AEE4F652E88D}.Release|x64.ActiveCfg = Release|x64
		{1052192B-046D-33DE-B66D-AEE4F652E88D}.MinSizeRel|x64.ActiveCfg = MinSizeRel|x64
		{1052192B-046D-33DE-B66D-AEE4F652E88D}.RelWithDebInfo|x64.ActiveCfg = RelWithDebInfo|x64
		{7BDF0F15-6BE9-36F3-946B-90F8FF62FCFC}.Debug|x64.ActiveCfg = Debug|x64
		{7BDF0F15-6BE9-36F3-946B-90F8FF62FCFC}.Debug|x64.Build.0 = Debug|x64
		{7BDF0F15-6BE9-36F3-946B-90F8FF62FCFC}.Release|x64.ActiveCfg = Release|x64
		{7BDF0F15-6BE9-36F3-946B-90F8FF62FCFC}.Release|x64.Build.0 = Release|x64
		{7BDF0F15-6BE9-36F3-946B-90F8FF62FCFC}.MinSizeRel|x64.ActiveCfg = MinSizeRel|x64
		{7BDF0F15-6BE9-36F3-946B-90F8FF62FCFC}.MinSizeRel|x64.Build.0 = MinSizeRel|x64
		{7BDF0F15-6BE9-36F3-946B-90F8FF62FCFC}.RelWithDebInfo|x64.ActiveCfg = RelWithDebInfo|x64
		{7BDF0F15-6BE9-36F3-946B-90F8FF62FCFC}.RelWithDebInfo|x64.Build.0 = RelWithDebInfo|x64
		{23DC023C-13EB-3369-8A10-10C2A93807CB}.Debug|x64.ActiveCfg = Debug|x64
		{23DC023C-13EB-3369-8A10-10C2A93807CB}.Debug|x64.Build.0 = Debug|x64
		{23DC023C-13EB-3369-8A10-10C2A93807CB}.Release|x64.ActiveCfg = Release|x64
		{23DC023C-13EB-3369-8A10-10C2A93807CB}.Release|x64.Build.0 = Release|x64
		{23DC023C-13EB-3369-8A10-10C2A93807CB}.MinSizeRel|x64.ActiveCfg = MinSizeRel|x64
		{23DC023C-13EB-3369-8A10-10C2A93807CB}.MinSizeRel|x64.Build.0 = MinSizeRel|x64
		{23DC023C-13EB-3369-8A10-10C2A93807CB}.RelWithDebInfo|x64.ActiveCfg = RelWithDebInfo|x64
		{23DC023C-13EB-3369-8A10-10C2A93807CB}.RelWithDebInfo|x64.Build.0 = RelWithDebInfo|x64
	EndGlobalSection
	GlobalSection(NestedProjects) = preSolution
		{1052192B-046D-33DE-B66D-AEE4F652E88D} = {5DB1F5DA-5680-3256-9A51-2F95FD7C4092}
		{7BDF0F15-6BE9-36F3-946B-90F8FF62FCFC} = {5DB1F5DA-5680-3256-9A51-2F95FD7C4092}
	EndGlobalSection
	GlobalSection(ExtensibilityGlobals) = postSolution
		SolutionGuid = {83335522-9DF1-3946-AB33-D4EF983AFFD0}
	EndGlobalSection
	GlobalSection(ExtensibilityAddIns) = postSolution
	EndGlobalSection
EndGlobal
